
Microsoft Visual Studio Solution File, Format Version 12.00
# Visual Studio Version 16
VisualStudioVersion = 16.0.30717.126
MinimumVisualStudioVersion = 10.0.40219.1
Project("{FAE04EC0-301F-11D3-BF4B-00C04F79EFBC}") = "Vending_Machine", "Vending_Machine\Vending_Machine.csproj", "{4272C948-A3B2-4C46-A66C-9A1DCB1B81D5}"
EndProject
Global
	GlobalSection(SolutionConfigurationPlatforms) = preSolution
		Debug|Any CPU = Debug|Any CPU
		Release|Any CPU = Release|Any CPU
	EndGlobalSection
	GlobalSection(ProjectConfigurationPlatforms) = postSolution
		{4272C948-A3B2-4C46-A66C-9A1DCB1B81D5}.Debug|Any CPU.ActiveCfg = Debug|Any CPU
		{4272C948-A3B2-4C46-A66C-9A1DCB1B81D5}.Debug|Any CPU.Build.0 = Debug|Any CPU
		{4272C948-A3B2-4C46-A66C-9A1DCB1B81D5}.Release|Any CPU.ActiveCfg = Release|Any CPU
		{4272C948-A3B2-4C46-A66C-9A1DCB1B81D5}.Release|Any CPU.Build.0 = Release|Any CPU
	EndGlobalSection
	GlobalSection(SolutionProperties) = preSolution
		HideSolutionNode = FALSE
	EndGlobalSection
	GlobalSection(ExtensibilityGlobals) = postSolution
		SolutionGuid = {7FEEC8AA-949F-46D7-BDF5-466E2335B9C2}
	EndGlobalSection
EndGlobal
